
Microsoft Visual Studio Solution File, Format Version 12.00
# Visual Studio Version 17
VisualStudioVersion = 17.6.33723.286
MinimumVisualStudioVersion = 10.0.40219.1
Project("{FAE04EC0-301F-11D3-BF4B-00C04F79EFBC}") = "BuilderParameter", "BuilderParameter.csproj", "{A351DDA3-4DD4-4B70-8DA8-5AD09AAD737B}"
EndProject
Global
	GlobalSection(SolutionConfigurationPlatforms) = preSolution
		Debug|Any CPU = Debug|Any CPU
		Release|Any CPU = Release|Any CPU
	EndGlobalSection
	GlobalSection(ProjectConfigurationPlatforms) = postSolution
		{A351DDA3-4DD4-4B70-8DA8-5AD09AAD737B}.Debug|Any CPU.ActiveCfg = Debug|Any CPU
		{A351DDA3-4DD4-4B70-8DA8-5AD09AAD737B}.Debug|Any CPU.Build.0 = Debug|Any CPU
		{A351DDA3-4DD4-4B70-8DA8-5AD09AAD737B}.Release|Any CPU.ActiveCfg = Release|Any CPU
		{A351DDA3-4DD4-4B70-8DA8-5AD09AAD737B}.Release|Any CPU.Build.0 = Release|Any CPU
	EndGlobalSection
	GlobalSection(SolutionProperties) = preSolution
		HideSolutionNode = FALSE
	EndGlobalSection
	GlobalSection(ExtensibilityGlobals) = postSolution
		SolutionGuid = {DD458E9E-49C7-4782-AC53-4808708BCC53}
	EndGlobalSection
EndGlobal
